
Microsoft Visual Studio Solution File, Format Version 12.00
# Visual Studio 15
VisualStudioVersion = 15.0.26124.0
MinimumVisualStudioVersion = 15.0.26124.0
Project("{FAE04EC0-301F-11D3-BF4B-00C04F79EFBC}") = "NoticeBoard", "NoticeBoard\NoticeBoard.csproj", "{FDC43A75-A269-4529-9B01-C5AE93B755EF}"
EndProject
Project("{FAE04EC0-301F-11D3-BF4B-00C04F79EFBC}") = "NoticeBoard.XUnitTests", "NoticeBoard.XUnitTests\NoticeBoard.XUnitTests.csproj", "{03C46CF8-98B5-4F76-A095-6907818BF976}"
EndProject
Global
	GlobalSection(SolutionConfigurationPlatforms) = preSolution
		Debug|Any CPU = Debug|Any CPU
		Debug|x64 = Debug|x64
		Debug|x86 = Debug|x86
		Release|Any CPU = Release|Any CPU
		Release|x64 = Release|x64
		Release|x86 = Release|x86
	EndGlobalSection
	GlobalSection(SolutionProperties) = preSolution
		HideSolutionNode = FALSE
	EndGlobalSection
	GlobalSection(ProjectConfigurationPlatforms) = postSolution
		{FDC43A75-A269-4529-9B01-C5AE93B755EF}.Debug|Any CPU.ActiveCfg = Debug|Any CPU
		{FDC43A75-A269-4529-9B01-C5AE93B755EF}.Debug|Any CPU.Build.0 = Debug|Any CPU
		{FDC43A75-A269-4529-9B01-C5AE93B755EF}.Debug|x64.ActiveCfg = Debug|Any CPU
		{FDC43A75-A269-4529-9B01-C5AE93B755EF}.Debug|x64.Build.0 = Debug|Any CPU
		{FDC43A75-A269-4529-9B01-C5AE93B755EF}.Debug|x86.ActiveCfg = Debug|Any CPU
		{FDC43A75-A269-4529-9B01-C5AE93B755EF}.Debug|x86.Build.0 = Debug|Any CPU
		{FDC43A75-A269-4529-9B01-C5AE93B755EF}.Release|Any CPU.ActiveCfg = Release|Any CPU
		{FDC43A75-A269-4529-9B01-C5AE93B755EF}.Release|Any CPU.Build.0 = Release|Any CPU
		{FDC43A75-A269-4529-9B01-C5AE93B755EF}.Release|x64.ActiveCfg = Release|Any CPU
		{FDC43A75-A269-4529-9B01-C5AE93B755EF}.Release|x64.Build.0 = Release|Any CPU
		{FDC43A75-A269-4529-9B01-C5AE93B755EF}.Release|x86.ActiveCfg = Release|Any CPU
		{FDC43A75-A269-4529-9B01-C5AE93B755EF}.Release|x86.Build.0 = Release|Any CPU
		{03C46CF8-98B5-4F76-A095-6907818BF976}.Debug|Any CPU.ActiveCfg = Debug|Any CPU
		{03C46CF8-98B5-4F76-A095-6907818BF976}.Debug|Any CPU.Build.0 = Debug|Any CPU
		{03C46CF8-98B5-4F76-A095-6907818BF976}.Debug|x64.ActiveCfg = Debug|Any CPU
		{03C46CF8-98B5-4F76-A095-6907818BF976}.Debug|x64.Build.0 = Debug|Any CPU
		{03C46CF8-98B5-4F76-A095-6907818BF976}.Debug|x86.ActiveCfg = Debug|Any CPU
		{03C46CF8-98B5-4F76-A095-6907818BF976}.Debug|x86.Build.0 = Debug|Any CPU
		{03C46CF8-98B5-4F76-A095-6907818BF976}.Release|Any CPU.ActiveCfg = Release|Any CPU
		{03C46CF8-98B5-4F76-A095-6907818BF976}.Release|Any CPU.Build.0 = Release|Any CPU
		{03C46CF8-98B5-4F76-A095-6907818BF976}.Release|x64.ActiveCfg = Release|Any CPU
		{03C46CF8-98B5-4F76-A095-6907818BF976}.Release|x64.Build.0 = Release|Any CPU
		{03C46CF8-98B5-4F76-A095-6907818BF976}.Release|x86.ActiveCfg = Release|Any CPU
		{03C46CF8-98B5-4F76-A095-6907818BF976}.Release|x86.Build.0 = Release|Any CPU
	EndGlobalSection
EndGlobal
